
Microsoft Visual Studio Solution File, Format Version 12.00
# Visual Studio Version 16
VisualStudioVersion = 16.0.30717.126
MinimumVisualStudioVersion = 10.0.40219.1
Project("{FAE04EC0-301F-11D3-BF4B-00C04F79EFBC}") = "PaniMusic.Core", "PaniMusic.Core\PaniMusic.Core.csproj", "{4AEFABA2-46F4-497E-823C-79239DC02DD8}"
EndProject
Project("{FAE04EC0-301F-11D3-BF4B-00C04F79EFBC}") = "PaniMusic.Repository", "PaniMusic.Repository\PaniMusic.Repository.csproj", "{01268DD0-C040-472E-90FE-13172DD2D2EE}"
EndProject
Project("{FAE04EC0-301F-11D3-BF4B-00C04F79EFBC}") = "PaniMusic.Services", "PaniMusic.Services\PaniMusic.Services.csproj", "{E2041643-48FD-49DC-8D76-193D82759E8B}"
EndProject
Project("{FAE04EC0-301F-11D3-BF4B-00C04F79EFBC}") = "PaniMusic.Api", "PaniMusic.Api\PaniMusic.Api.csproj", "{DC593E1A-4ADA-48AD-B502-E64B3B9DB426}"
EndProject
Project("{FAE04EC0-301F-11D3-BF4B-00C04F79EFBC}") = "PaniMusic.Ui", "PaniMusic.Ui\PaniMusic.Ui.csproj", "{BC197065-1BA5-4380-B31C-5FD917E0A316}"
EndProject
Global
	GlobalSection(SolutionConfigurationPlatforms) = preSolution
		Debug|Any CPU = Debug|Any CPU
		Release|Any CPU = Release|Any CPU
	EndGlobalSection
	GlobalSection(ProjectConfigurationPlatforms) = postSolution
		{4AEFABA2-46F4-497E-823C-79239DC02DD8}.Debug|Any CPU.ActiveCfg = Debug|Any CPU
		{4AEFABA2-46F4-497E-823C-79239DC02DD8}.Debug|Any CPU.Build.0 = Debug|Any CPU
		{4AEFABA2-46F4-497E-823C-79239DC02DD8}.Release|Any CPU.ActiveCfg = Release|Any CPU
		{4AEFABA2-46F4-497E-823C-79239DC02DD8}.Release|Any CPU.Build.0 = Release|Any CPU
		{01268DD0-C040-472E-90FE-13172DD2D2EE}.Debug|Any CPU.ActiveCfg = Debug|Any CPU
		{01268DD0-C040-472E-90FE-13172DD2D2EE}.Debug|Any CPU.Build.0 = Debug|Any CPU
		{01268DD0-C040-472E-90FE-13172DD2D2EE}.Release|Any CPU.ActiveCfg = Release|Any CPU
		{01268DD0-C040-472E-90FE-13172DD2D2EE}.Release|Any CPU.Build.0 = Release|Any CPU
		{E2041643-48FD-49DC-8D76-193D82759E8B}.Debug|Any CPU.ActiveCfg = Debug|Any CPU
		{E2041643-48FD-49DC-8D76-193D82759E8B}.Debug|Any CPU.Build.0 = Debug|Any CPU
		{E2041643-48FD-49DC-8D76-193D82759E8B}.Release|Any CPU.ActiveCfg = Release|Any CPU
		{E2041643-48FD-49DC-8D76-193D82759E8B}.Release|Any CPU.Build.0 = Release|Any CPU
		{DC593E1A-4ADA-48AD-B502-E64B3B9DB426}.Debug|Any CPU.ActiveCfg = Debug|Any CPU
		{DC593E1A-4ADA-48AD-B502-E64B3B9DB426}.Debug|Any CPU.Build.0 = Debug|Any CPU
		{DC593E1A-4ADA-48AD-B502-E64B3B9DB426}.Release|Any CPU.ActiveCfg = Release|Any CPU
		{DC593E1A-4ADA-48AD-B502-E64B3B9DB426}.Release|Any CPU.Build.0 = Release|Any CPU
		{BC197065-1BA5-4380-B31C-5FD917E0A316}.Debug|Any CPU.ActiveCfg = Debug|Any CPU
		{BC197065-1BA5-4380-B31C-5FD917E0A316}.Debug|Any CPU.Build.0 = Debug|Any CPU
		{BC197065-1BA5-4380-B31C-5FD917E0A316}.Release|Any CPU.ActiveCfg = Release|Any CPU
		{BC197065-1BA5-4380-B31C-5FD917E0A316}.Release|Any CPU.Build.0 = Release|Any CPU
	EndGlobalSection
	GlobalSection(SolutionProperties) = preSolution
		HideSolutionNode = FALSE
	EndGlobalSection
	GlobalSection(ExtensibilityGlobals) = postSolution
		SolutionGuid = {348E159C-BE7D-4B18-B3A0-A06B032E2AA0}
	EndGlobalSection
EndGlobal
